PODS:
  - CryptoSwift-SCF (0.8.3):
    - CryptoSwift-SCF/StaticCocoaFramework (= 0.8.3)
  - CryptoSwift-SCF/StaticCocoaFramework (0.8.3)
  - Dispatch-SCF (2.0.4):
    - Dispatch-SCF/StaticCocoaFramework (= 2.0.4)
  - Dispatch-SCF/StaticCocoaFramework (2.0.4)
  - SQLCipher-SCF (3.4.2):
    - SQLCipher-SCF/standard (= 3.4.2)
  - SQLCipher-SCF/common (3.4.2):
    - SQLCipher-SCF/StaticCocoaFramework (= 3.4.2)
  - SQLCipher-SCF/standard (3.4.2):
    - SQLCipher-SCF/common
  - SQLCipher-SCF/StaticCocoaFramework (3.4.2)
  - SQLite.swift-SCF/SQLCipher (0.11.4):
    - SQLite.swift-SCF/StaticCocoaFramework (= 0.11.4)
  - SQLite.swift-SCF/StaticCocoaFramework (0.11.4):
    - SQLCipher-SCF (~> 3.4.2)
  - SwiftCommons-SCF/Concurrent (1.2.5):
    - SwiftCommonsConcurrent-SCF (= 1.2.5)
  - SwiftCommons-SCF/Extensions (1.2.5):
    - SwiftCommonsExtensions-SCF (= 1.2.5)
  - SwiftCommonsAbstractions-SCF (1.2.5):
    - SwiftCommonsAbstractions-SCF/StaticCocoaFramework (= 1.2.5)
  - SwiftCommonsAbstractions-SCF/StaticCocoaFramework (1.2.5)
  - SwiftCommonsConcurrent-SCF (1.2.5):
    - SwiftCommonsConcurrent-SCF/StaticCocoaFramework (= 1.2.5)
  - SwiftCommonsConcurrent-SCF/StaticCocoaFramework (1.2.5):
    - Dispatch-SCF (~> 2.0.4)
    - SwiftCommonsObjC-SCF (= 1.2.5)
  - SwiftCommonsExtensions-SCF (1.2.5):
    - SwiftCommonsExtensions-SCF/StaticCocoaFramework (= 1.2.5)
  - SwiftCommonsExtensions-SCF/StaticCocoaFramework (1.2.5):
    - SwiftCommonsAbstractions-SCF (= 1.2.5)
    - SwiftCommonsLogging-SCF (= 1.2.5)
  - SwiftCommonsLang-SCF (1.2.5):
    - SwiftCommonsLang-SCF/StaticCocoaFramework (= 1.2.5)
  - SwiftCommonsLang-SCF/StaticCocoaFramework (1.2.5)
  - SwiftCommonsLogging-SCF (1.2.5):
    - SwiftCommonsLogging-SCF/StaticCocoaFramework (= 1.2.5)
  - SwiftCommonsLogging-SCF/StaticCocoaFramework (1.2.5):
    - SwiftCommonsConcurrent-SCF (= 1.2.5)
    - SwiftCommonsLang-SCF (= 1.2.5)
  - SwiftCommonsObjC-SCF (1.2.5):
    - SwiftCommonsObjC-SCF/StaticCocoaFramework (= 1.2.5)
  - SwiftCommonsObjC-SCF/StaticCocoaFramework (1.2.5)

DEPENDENCIES:
  - CryptoSwift-SCF (~> 0.8.3)
  - SQLite.swift-SCF/SQLCipher (~> 0.11.4)
  - SwiftCommons-SCF/Concurrent (~> 1.2.5)
  - SwiftCommons-SCF/Extensions (~> 1.2.5)

SPEC CHECKSUMS:
  CryptoSwift-SCF: b50fb8c9bf3e28b27ed9c454b8e9f7102471b589
  Dispatch-SCF: 260f244bfae3213f83e77cb99b275cefa4c3ba62
  SQLCipher-SCF: 578aab78169a962a4fc4653e2ebc7ab4e11c29c2
  SQLite.swift-SCF: 32d970ec5043455c801b9a35af808ede32ebaa4d
  SwiftCommons-SCF: c42814a1c83f2dd0300dd52698ad755a2b64bf15
  SwiftCommonsAbstractions-SCF: c0b5202e95df028cd28b0c7b981890631dbba51f
  SwiftCommonsConcurrent-SCF: d5d0ecc877e727d40bd33cb3054da29cb3ad5be4
  SwiftCommonsExtensions-SCF: c9fcc30f653c7a5fa12e68eefabea6bb0d56d28f
  SwiftCommonsLang-SCF: 35f8b8803301cf74f35a683cf4f1c70f3f8d6b3d
  SwiftCommonsLogging-SCF: d953adc0924b8e276961a244cef6fef4840fedd8
  SwiftCommonsObjC-SCF: 7915b51093013a79fdb77c5a8853438f16cc1666

PODFILE CHECKSUM: d7c783f8bb32af38e6e0ef12922eee5159c769e0

COCOAPODS: 1.4.0
