PODS:
  - CryptoSwift-SCF42 (0.12.0):
    - CryptoSwift-SCF42/StaticCocoaFramework (= 0.12.0)
  - CryptoSwift-SCF42/StaticCocoaFramework (0.12.0)
  - Dispatch-SCF42 (2.0.4):
    - Dispatch-SCF42/StaticCocoaFramework (= 2.0.4)
  - Dispatch-SCF42/StaticCocoaFramework (2.0.4)
  - SQLCipher-SCF42 (3.4.2):
    - SQLCipher-SCF42/standard (= 3.4.2)
  - SQLCipher-SCF42/common (3.4.2):
    - SQLCipher-SCF42/StaticCocoaFramework (= 3.4.2)
  - SQLCipher-SCF42/standard (3.4.2):
    - SQLCipher-SCF42/common
  - SQLCipher-SCF42/StaticCocoaFramework (3.4.2)
  - SQLite.swift-SCF42/SQLCipher (0.11.5):
    - SQLite.swift-SCF42/StaticCocoaFramework (= 0.11.5)
  - SQLite.swift-SCF42/StaticCocoaFramework (0.11.5):
    - SQLCipher-SCF42 (~> 3.4.2)
  - SwiftCommons-SCF42/Concurrent (1.3.0):
    - SwiftCommonsConcurrent-SCF42 (= 1.3.0)
  - SwiftCommons-SCF42/Extensions (1.3.0):
    - SwiftCommonsExtensions-SCF42 (= 1.3.0)
  - SwiftCommonsAbstractions-SCF42 (1.3.0):
    - SwiftCommonsAbstractions-SCF42/StaticCocoaFramework (= 1.3.0)
  - SwiftCommonsAbstractions-SCF42/StaticCocoaFramework (1.3.0)
  - SwiftCommonsConcurrent-SCF42 (1.3.0):
    - SwiftCommonsConcurrent-SCF42/StaticCocoaFramework (= 1.3.0)
  - SwiftCommonsConcurrent-SCF42/StaticCocoaFramework (1.3.0):
    - Dispatch-SCF42 (~> 2.0.4)
    - SwiftCommonsObjC-SCF42 (= 1.3.0)
  - SwiftCommonsExtensions-SCF42 (1.3.0):
    - SwiftCommonsExtensions-SCF42/StaticCocoaFramework (= 1.3.0)
  - SwiftCommonsExtensions-SCF42/StaticCocoaFramework (1.3.0):
    - SwiftCommonsAbstractions-SCF42 (= 1.3.0)
    - SwiftCommonsLogging-SCF42 (= 1.3.0)
  - SwiftCommonsLang-SCF42 (1.3.0):
    - SwiftCommonsLang-SCF42/StaticCocoaFramework (= 1.3.0)
  - SwiftCommonsLang-SCF42/StaticCocoaFramework (1.3.0)
  - SwiftCommonsLogging-SCF42 (1.3.0):
    - SwiftCommonsLogging-SCF42/StaticCocoaFramework (= 1.3.0)
  - SwiftCommonsLogging-SCF42/StaticCocoaFramework (1.3.0):
    - SwiftCommonsConcurrent-SCF42 (= 1.3.0)
    - SwiftCommonsLang-SCF42 (= 1.3.0)
  - SwiftCommonsObjC-SCF42 (1.3.0):
    - SwiftCommonsObjC-SCF42/StaticCocoaFramework (= 1.3.0)
  - SwiftCommonsObjC-SCF42/StaticCocoaFramework (1.3.0)

DEPENDENCIES:
  - CryptoSwift-SCF42 (~> 0.12.0)
  - SQLite.swift-SCF42/SQLCipher (~> 0.11.5)
  - SwiftCommons-SCF42/Concurrent (~> 1.3.0)
  - SwiftCommons-SCF42/Extensions (~> 1.3.0)

SPEC REPOS:
  https://github.com/roxiemobile/static-cocoa-frameworks.ios.git:
    - CryptoSwift-SCF42
    - Dispatch-SCF42
    - SQLCipher-SCF42
    - SQLite.swift-SCF42
    - SwiftCommons-SCF42
    - SwiftCommonsAbstractions-SCF42
    - SwiftCommonsConcurrent-SCF42
    - SwiftCommonsExtensions-SCF42
    - SwiftCommonsLang-SCF42
    - SwiftCommonsLogging-SCF42
    - SwiftCommonsObjC-SCF42

SPEC CHECKSUMS:
  CryptoSwift-SCF42: 7286da9570797cde5c8f1f9f065e3d920ff97a8a
  Dispatch-SCF42: 011000aa52bfd7b8e2e50a55f78dc1ff5c9cdd4b
  SQLCipher-SCF42: 5953f07554df1c59646e590f40362d36299a8838
  SQLite.swift-SCF42: 5b24f0865c93bb6c4fd58c21019d2163083e0406
  SwiftCommons-SCF42: 5d9c4928f17c769eb166d08c7d5226895ccbe258
  SwiftCommonsAbstractions-SCF42: ebf7b396d57d46269d36be6a1e12519876f0fc63
  SwiftCommonsConcurrent-SCF42: 1f2d3912ee16ec9b7bbadfa358f53c3ddde095bd
  SwiftCommonsExtensions-SCF42: 0529d16ed27fda629b69660e948e128a08b70cb5
  SwiftCommonsLang-SCF42: 816ccacb2b9ea493a9b0c4131d0338123dcda45f
  SwiftCommonsLogging-SCF42: 96a2f47616ce265a5a4708abbc5dd7cb41cfc238
  SwiftCommonsObjC-SCF42: 7eaa84a16af1716bf0ba7f5a79c22ae4ae653141

PODFILE CHECKSUM: 65d2c630afdc6032d2db3ba24d817264d195e181

COCOAPODS: 1.5.3
